
Microsoft Visual Studio Solution File, Format Version 12.00
Project("{FAE04EC0-301F-11D3-BF4B-00C04F79EFBC}") = "Patient.API", "Patient.API\Patient.API.csproj", "{E5FC0254-212B-4EB2-99B7-16FD954301D6}"
EndProject
Project("{FAE04EC0-301F-11D3-BF4B-00C04F79EFBC}") = "DataGenerator", "DataGenerator\DataGenerator.csproj", "{CAD50621-7659-4F2D-948C-2D9A8B98B1AC}"
EndProject
Global
	GlobalSection(SolutionConfigurationPlatforms) = preSolution
		Debug|Any CPU = Debug|Any CPU
		Release|Any CPU = Release|Any CPU
	EndGlobalSection
	GlobalSection(ProjectConfigurationPlatforms) = postSolution
		{E5FC0254-212B-4EB2-99B7-16FD954301D6}.Debug|Any CPU.ActiveCfg = Debug|Any CPU
		{E5FC0254-212B-4EB2-99B7-16FD954301D6}.Debug|Any CPU.Build.0 = Debug|Any CPU
		{E5FC0254-212B-4EB2-99B7-16FD954301D6}.Release|Any CPU.ActiveCfg = Release|Any CPU
		{E5FC0254-212B-4EB2-99B7-16FD954301D6}.Release|Any CPU.Build.0 = Release|Any CPU
		{CAD50621-7659-4F2D-948C-2D9A8B98B1AC}.Debug|Any CPU.ActiveCfg = Debug|Any CPU
		{CAD50621-7659-4F2D-948C-2D9A8B98B1AC}.Debug|Any CPU.Build.0 = Debug|Any CPU
		{CAD50621-7659-4F2D-948C-2D9A8B98B1AC}.Release|Any CPU.ActiveCfg = Release|Any CPU
		{CAD50621-7659-4F2D-948C-2D9A8B98B1AC}.Release|Any CPU.Build.0 = Release|Any CPU
	EndGlobalSection
EndGlobal
